<?xml version="1.0" encoding="utf-8"?>
<Project ToolsVersion="4.0" xmlns="http://schemas.microsoft.com/developer/msbuild/2003">
  <ItemGroup>
    <Filter Include="Source Files">
      <UniqueIdentifier>{4FC737F1-C7A5-4376-A066-2A32D752A2FF}</UniqueIdentifier>
      <Extensions>cpp;c;cc;cxx;c++;cppm;ixx;def;odl;idl;hpj;bat;asm;asmx</Extensions>
    </Filter>
    <Filter Include="Header Files">
      <UniqueIdentifier>{93995380-89BD-4b04-88EB-625FBE52EBFB}</UniqueIdentifier>
      <Extensions>h;hh;hpp;hxx;h++;hm;inl;inc;ipp;xsd</Extensions>
    </Filter>
    <Filter Include="Resource Files">
      <UniqueIdentifier>{67DA6AB6-F800-4c08-8B7A-83BB121AAD01}</UniqueIdentifier>
      <Extensions>rc;ico;cur;bmp;dlg;rc2;rct;bin;rgs;gif;jpg;jpeg;jpe;resx;tiff;tif;png;wav;mfcribbon-ms</Extensions>
    </Filter>
  </ItemGroup>
  <ItemGroup>
    <ClInclude Include="Client\Config\json\json.hpp">
      <Filter>Header Files</Filter>
    </ClInclude>
    <ClInclude Include="Client\Config\Config.h">
      <Filter>Header Files</Filter>
    </ClInclude>
    <ClInclude Include="Client\ImGui\Fonts\Minecraft.h">
      <Filter>Header Files</Filter>
    </ClInclude>
    <ClInclude Include="Client\ImGui\Fonts\ProductSans.h">
      <Filter>Header Files</Filter>
    </ClInclude>
    <ClInclude Include="Client\ImGui\Fonts\tahoma.h">
      <Filter>Header Files</Filter>
    </ClInclude>
    <ClInclude Include="Client\ImGui\Notifications\fa_solid_900.h">
      <Filter>Header Files</Filter>
    </ClInclude>
    <ClInclude Include="Client\ImGui\Notifications\font_awesome_5.h">
      <Filter>Header Files</Filter>
    </ClInclude>
    <ClInclude Include="Client\ImGui\Notifications\imgui_notify.h">
      <Filter>Header Files</Filter>
    </ClInclude>
    <ClInclude Include="Client\ImGui\imconfig.h">
      <Filter>Header Files</Filter>
    </ClInclude>
    <ClInclude Include="Client\ImGui\imgui.h">
      <Filter>Header Files</Filter>
    </ClInclude>
    <ClInclude Include="Client\ImGui\imgui_impl_dx11.h">
      <Filter>Header Files</Filter>
    </ClInclude>
    <ClInclude Include="Client\ImGui\imgui_impl_dx12.h">
      <Filter>Header Files</Filter>
    </ClInclude>
    <ClInclude Include="Client\ImGui\imgui_impl_win32.h">
      <Filter>Header Files</Filter>
    </ClInclude>
    <ClInclude Include="Client\ImGui\imgui_internal.h">
      <Filter>Header Files</Filter>
    </ClInclude>
    <ClInclude Include="Client\ImGui\imstb_rectpack.h">
      <Filter>Header Files</Filter>
    </ClInclude>
    <ClInclude Include="Client\ImGui\imstb_textedit.h">
      <Filter>Header Files</Filter>
    </ClInclude>
    <ClInclude Include="Client\ImGui\imstb_truetype.h">
      <Filter>Header Files</Filter>
    </ClInclude>
    <ClInclude Include="Client\Manager\Hook\Hooks\EntityHook.h">
      <Filter>Header Files</Filter>
    </ClInclude>
    <ClInclude Include="Client\Manager\Hook\Hooks\GameModeHook.h">
      <Filter>Header Files</Filter>
    </ClInclude>
    <ClInclude Include="Client\Manager\Hook\Hooks\KeyHook.h">
      <Filter>Header Files</Filter>
    </ClInclude>
    <ClInclude Include="Client\Manager\Hook\Hooks\MouseHook.h">
      <Filter>Header Files</Filter>
    </ClInclude>
    <ClInclude Include="Client\Manager\Hook\Hooks\PacketHandlerHook.h">
      <Filter>Header Files</Filter>
    </ClInclude>
    <ClInclude Include="Client\Manager\Hook\Hooks\PacketSenderHook.h">
      <Filter>Header Files</Filter>
    </ClInclude>
    <ClInclude Include="Client\Manager\Hook\Hooks\RenderContextHook.h">
      <Filter>Header Files</Filter>
    </ClInclude>
    <ClInclude Include="Client\Manager\Hook\Hooks\SwapChainHook.h">
      <Filter>Header Files</Filter>
    </ClInclude>
    <ClInclude Include="Client\Manager\Hook\Hook.h">
      <Filter>Header Files</Filter>
    </ClInclude>
    <ClInclude Include="Client\Manager\Module\Modules\AutoGG.h">
      <Filter>Header Files</Filter>
    </ClInclude>
    <ClInclude Include="Client\Manager\Module\Modules\AutoSprint.h">
      <Filter>Header Files</Filter>
    </ClInclude>
    <ClInclude Include="Client\Manager\Module\Modules\ClickGui.h">
      <Filter>Header Files</Filter>
    </ClInclude>
    <ClInclude Include="Client\Manager\Module\Modules\FpsCounter.h">
      <Filter>Header Files</Filter>
    </ClInclude>
    <ClInclude Include="Client\Manager\Module\Modules\TestMod.h">
      <Filter>Header Files</Filter>
    </ClInclude>
    <ClInclude Include="Client\Manager\Module\Modules\Uninject.h">
      <Filter>Header Files</Filter>
    </ClInclude>
    <ClInclude Include="Client\Manager\Module\Module.h">
      <Filter>Header Files</Filter>
    </ClInclude>
    <ClInclude Include="Client\Manager\Module\Setting.h">
      <Filter>Header Files</Filter>
    </ClInclude>
    <ClInclude Include="Client\Manager\Manager.h">
      <Filter>Header Files</Filter>
    </ClInclude>
    <ClInclude Include="Client\Mem\Mem.h">
      <Filter>Header Files</Filter>
    </ClInclude>
    <ClInclude Include="Client\SDK\Classes\Packets\CommandRequestPacket.h">
      <Filter>Header Files</Filter>
    </ClInclude>
    <ClInclude Include="Client\SDK\Classes\Packets\MinecraftPacketIds.h">
      <Filter>Header Files</Filter>
    </ClInclude>
    <ClInclude Include="Client\SDK\Classes\Packets\TextPacket.h">
      <Filter>Header Files</Filter>
    </ClInclude>
    <ClInclude Include="Client\SDK\Classes\Actor.h">
      <Filter>Header Files</Filter>
    </ClInclude>
    <ClInclude Include="Client\SDK\Classes\ClientInstance.h">
      <Filter>Header Files</Filter>
    </ClInclude>
    <ClInclude Include="Client\SDK\Classes\GameMode.h">
      <Filter>Header Files</Filter>
    </ClInclude>
    <ClInclude Include="Client\SDK\Classes\GuiData.h">
      <Filter>Header Files</Filter>
    </ClInclude>
    <ClInclude Include="Client\SDK\Classes\Item.h">
      <Filter>Header Files</Filter>
    </ClInclude>
    <ClInclude Include="Client\SDK\Classes\ItemStack.h">
      <Filter>Header Files</Filter>
    </ClInclude>
    <ClInclude Include="Client\SDK\Classes\Level.h">
      <Filter>Header Files</Filter>
    </ClInclude>
    <ClInclude Include="Client\SDK\Classes\LevelRenderer.h">
      <Filter>Header Files</Filter>
    </ClInclude>
    <ClInclude Include="Client\SDK\Classes\LocalPlayer.h">
      <Filter>Header Files</Filter>
    </ClInclude>
    <ClInclude Include="Client\SDK\Classes\LoopbackPacketSender.h">
      <Filter>Header Files</Filter>
    </ClInclude>
    <ClInclude Include="Client\SDK\Classes\MinecraftGame.h">
      <Filter>Header Files</Filter>
    </ClInclude>
    <ClInclude Include="Client\SDK\Classes\MinecraftUIRenderContext.h">
      <Filter>Header Files</Filter>
    </ClInclude>
    <ClInclude Include="Client\SDK\Classes\MoveInputHandler.h">
      <Filter>Header Files</Filter>
    </ClInclude>
    <ClInclude Include="Client\SDK\Classes\Packet.h">
      <Filter>Header Files</Filter>
    </ClInclude>
    <ClInclude Include="Client\SDK\Classes\PlayerInventory.h">
      <Filter>Header Files</Filter>
    </ClInclude>
    <ClInclude Include="Client\SDK\Minecraft.h">
      <Filter>Header Files</Filter>
    </ClInclude>
    <ClInclude Include="Client\Utils\Logger.h">
      <Filter>Header Files</Filter>
    </ClInclude>
    <ClInclude Include="Client\Utils\RenderUtils.h">
      <Filter>Header Files</Filter>
    </ClInclude>
    <ClInclude Include="Client\Utils\Signatures.h">
      <Filter>Header Files</Filter>
    </ClInclude>
    <ClInclude Include="Client\Utils\Utils.h">
      <Filter>Header Files</Filter>
    </ClInclude>
    <ClInclude Include="Client\Client.h">
      <Filter>Header Files</Filter>
    </ClInclude>
  </ItemGroup>
  <ItemGroup>
    <ClCompile Include="Client\Config\Config.cpp">
      <Filter>Source Files</Filter>
    </ClCompile>
    <ClCompile Include="Client\ImGui\imgui.cpp">
      <Filter>Source Files</Filter>
    </ClCompile>
    <ClCompile Include="Client\ImGui\imgui_demo.cpp">
      <Filter>Source Files</Filter>
    </ClCompile>
    <ClCompile Include="Client\ImGui\imgui_draw.cpp">
      <Filter>Source Files</Filter>
    </ClCompile>
    <ClCompile Include="Client\ImGui\imgui_impl_dx11.cpp">
      <Filter>Source Files</Filter>
    </ClCompile>
    <ClCompile Include="Client\ImGui\imgui_impl_dx12.cpp">
      <Filter>Source Files</Filter>
    </ClCompile>
    <ClCompile Include="Client\ImGui\imgui_impl_win32.cpp">
      <Filter>Source Files</Filter>
    </ClCompile>
    <ClCompile Include="Client\ImGui\imgui_tables.cpp">
      <Filter>Source Files</Filter>
    </ClCompile>
    <ClCompile Include="Client\ImGui\imgui_widgets.cpp">
      <Filter>Source Files</Filter>
    </ClCompile>
    <ClCompile Include="Client\Manager\Hook\Hooks\EntityHook.cpp">
      <Filter>Source Files</Filter>
    </ClCompile>
    <ClCompile Include="Client\Manager\Hook\Hooks\GameModeHook.cpp">
      <Filter>Source Files</Filter>
    </ClCompile>
    <ClCompile Include="Client\Manager\Hook\Hooks\KeyHook.cpp">
      <Filter>Source Files</Filter>
    </ClCompile>
    <ClCompile Include="Client\Manager\Hook\Hooks\MouseHook.cpp">
      <Filter>Source Files</Filter>
    </ClCompile>
    <ClCompile Include="Client\Manager\Hook\Hooks\PacketHandlerHook.cpp">
      <Filter>Source Files</Filter>
    </ClCompile>
    <ClCompile Include="Client\Manager\Hook\Hooks\PacketSenderHook.cpp">
      <Filter>Source Files</Filter>
    </ClCompile>
    <ClCompile Include="Client\Manager\Hook\Hooks\RenderContextHook.cpp">
      <Filter>Source Files</Filter>
    </ClCompile>
    <ClCompile Include="Client\Manager\Hook\Hooks\SwapChainHook.cpp">
      <Filter>Source Files</Filter>
    </ClCompile>
    <ClCompile Include="Client\Manager\Module\Modules\AutoGG.cpp">
      <Filter>Source Files</Filter>
    </ClCompile>
    <ClCompile Include="Client\Manager\Module\Modules\AutoSprint.cpp">
      <Filter>Source Files</Filter>
    </ClCompile>
    <ClCompile Include="Client\Manager\Module\Modules\ClickGui.cpp">
      <Filter>Source Files</Filter>
    </ClCompile>
    <ClCompile Include="Client\Manager\Module\Modules\FpsCounter.cpp">
      <Filter>Source Files</Filter>
    </ClCompile>
    <ClCompile Include="Client\Manager\Module\Module.cpp">
      <Filter>Source Files</Filter>
    </ClCompile>
    <ClCompile Include="Client\Manager\Manager.cpp">
      <Filter>Source Files</Filter>
    </ClCompile>
    <ClCompile Include="Client\Mem\Mem.cpp">
      <Filter>Source Files</Filter>
    </ClCompile>
    <ClCompile Include="Client\SDK\Classes\Actor.cpp">
      <Filter>Source Files</Filter>
    </ClCompile>
    <ClCompile Include="Client\SDK\Classes\Level.cpp">
      <Filter>Source Files</Filter>
    </ClCompile>
    <ClCompile Include="Client\SDK\Classes\MinecraftUIRenderContext.cpp">
      <Filter>Source Files</Filter>
    </ClCompile>
    <ClCompile Include="Client\SDK\Classes\Packet.cpp">
      <Filter>Source Files</Filter>
    </ClCompile>
    <ClCompile Include="Client\SDK\Minecraft.cpp">
      <Filter>Source Files</Filter>
    </ClCompile>
    <ClCompile Include="Client\Utils\Logger.cpp">
      <Filter>Source Files</Filter>
    </ClCompile>
    <ClCompile Include="Client\Utils\RenderUtils.cpp">
      <Filter>Source Files</Filter>
    </ClCompile>
    <ClCompile Include="Client\Utils\Utils.cpp">
      <Filter>Source Files</Filter>
    </ClCompile>
    <ClCompile Include="Client\Client.cpp">
      <Filter>Source Files</Filter>
    </ClCompile>
    <ClCompile Include="Flarial.cpp">
      <Filter>Source Files</Filter>
    </ClCompile>
  </ItemGroup>
  <ItemGroup>
    <None Include="packages.config" />
  </ItemGroup>
</Project>